
Microsoft Visual Studio Solution File, Format Version 12.00
# Visual Studio Version 17
VisualStudioVersion = 17.3.32901.215
MinimumVisualStudioVersion = 10.0.40219.1
Project("{FAE04EC0-301F-11D3-BF4B-00C04F79EFBC}") = "SFTPDownloader", "SFTPDownloader\SFTPDownloader.csproj", "{FA2C5623-0952-4BB7-947D-B7DE5CC3FE67}"
EndProject
Global
	GlobalSection(SolutionConfigurationPlatforms) = preSolution
		Debug|Any CPU = Debug|Any CPU
		Release|Any CPU = Release|Any CPU
	EndGlobalSection
	GlobalSection(ProjectConfigurationPlatforms) = postSolution
		{FA2C5623-0952-4BB7-947D-B7DE5CC3FE67}.Debug|Any CPU.ActiveCfg = Debug|Any CPU
		{FA2C5623-0952-4BB7-947D-B7DE5CC3FE67}.Debug|Any CPU.Build.0 = Debug|Any CPU
		{FA2C5623-0952-4BB7-947D-B7DE5CC3FE67}.Release|Any CPU.ActiveCfg = Release|Any CPU
		{FA2C5623-0952-4BB7-947D-B7DE5CC3FE67}.Release|Any CPU.Build.0 = Release|Any CPU
	EndGlobalSection
	GlobalSection(SolutionProperties) = preSolution
		HideSolutionNode = FALSE
	EndGlobalSection
	GlobalSection(ExtensibilityGlobals) = postSolution
		SolutionGuid = {21E6716C-6CEC-4C27-8554-6AC162C37B35}
	EndGlobalSection
EndGlobal
